<?xml version="1.0" encoding="UTF-8"?>
<!DOCTYPE plist PUBLIC "-//Apple//DTD PLIST 1.0//EN" "http://www.apple.com/DTDs/PropertyList-1.0.dtd">
<plist version="1.0">
<dict>
	<key>archiveVersion</key>
	<string>1</string>
	<key>classes</key>
	<dict/>
	<key>objectVersion</key>
	<string>46</string>
	<key>objects</key>
	<dict>
		<key>41F4478DFAA3ADBC0FE1A22C</key>
		<dict>
			<key>buildActionMask</key>
			<string>2147483647</string>
			<key>files</key>
			<array/>
			<key>inputPaths</key>
			<array/>
			<key>isa</key>
			<string>PBXShellScriptBuildPhase</string>
			<key>name</key>
			<string>Check Pods Manifest.lock</string>
			<key>outputPaths</key>
			<array/>
			<key>runOnlyForDeploymentPostprocessing</key>
			<string>0</string>
			<key>shellPath</key>
			<string>/bin/sh</string>
			<key>shellScript</key>
			<string>diff "${PODS_ROOT}/../Podfile.lock" "${PODS_ROOT}/Manifest.lock" &gt; /dev/null
if [[ $? != 0 ]] ; then
    cat &lt;&lt; EOM
error: The sandbox is not in sync with the Podfile.lock. Run 'pod install' or update your CocoaPods installation.
EOM
    exit 1
fi
</string>
			<key>showEnvVarsInLog</key>
			<string>0</string>
		</dict>
		<key>5948F4F045264387BF259ABE</key>
		<dict>
			<key>children</key>
			<array>
				<string>CA2AFA2391D3E4AE4508E7B2</string>
			</array>
			<key>isa</key>
			<string>PBXGroup</string>
			<key>name</key>
			<string>Frameworks</string>
			<key>sourceTree</key>
			<string>&lt;group&gt;</string>
		</dict>
		<key>5C45D6357460B0F2CE5ED880</key>
		<dict>
			<key>fileRef</key>
			<string>CA2AFA2391D3E4AE4508E7B2</string>
			<key>isa</key>
			<string>PBXBuildFile</string>
		</dict>
		<key>77A019C6D7BA1C64B99CB4FB</key>
		<dict>
			<key>includeInIndex</key>
			<string>1</string>
			<key>isa</key>
			<string>PBXFileReference</string>
			<key>lastKnownFileType</key>
			<string>text.xcconfig</string>
			<key>name</key>
			<string>Pods.release.xcconfig</string>
			<key>path</key>
			<string>Pods/Target Support Files/Pods/Pods.release.xcconfig</string>
			<key>sourceTree</key>
			<string>&lt;group&gt;</string>
		</dict>
		<key>7E5018AE1DD3B23C00274FDF</key>
		<dict>
			<key>children</key>
			<array>
				<string>7EA908741DD540DE001AA952</string>
				<string>7E5018BA1DD3B23C00274FDF</string>
				<string>7E5018C51DD3B23C00274FDF</string>
				<string>7E5018B91DD3B23C00274FDF</string>
				<string>EB857A316E8D567840412525</string>
				<string>5948F4F045264387BF259ABE</string>
			</array>
			<key>isa</key>
			<string>PBXGroup</string>
			<key>sourceTree</key>
			<string>&lt;group&gt;</string>
		</dict>
		<key>7E5018AF1DD3B23C00274FDF</key>
		<dict>
			<key>attributes</key>
			<dict>
				<key>LastUpgradeCheck</key>
				<string>0810</string>
				<key>ORGANIZATIONNAME</key>
				<string>Dealer Information Systems</string>
				<key>TargetAttributes</key>
				<dict>
					<key>7E5018B71DD3B23C00274FDF</key>
					<dict>
						<key>CreatedOnToolsVersion</key>
						<string>8.1</string>
						<key>ProvisioningStyle</key>
						<string>Automatic</string>
					</dict>
					<key>7E5018C01DD3B23C00274FDF</key>
					<dict>
						<key>CreatedOnToolsVersion</key>
						<string>8.1</string>
						<key>ProvisioningStyle</key>
						<string>Automatic</string>
					</dict>
				</dict>
			</dict>
			<key>buildConfigurationList</key>
			<string>7E5018B21DD3B23C00274FDF</string>
			<key>compatibilityVersion</key>
			<string>Xcode 3.2</string>
			<key>developmentRegion</key>
			<string>English</string>
			<key>hasScannedForEncodings</key>
			<string>0</string>
			<key>isa</key>
			<string>PBXProject</string>
			<key>knownRegions</key>
			<array>
				<string>en</string>
			</array>
			<key>mainGroup</key>
			<string>7E5018AE1DD3B23C00274FDF</string>
			<key>productRefGroup</key>
			<string>7E5018B91DD3B23C00274FDF</string>
			<key>projectDirPath</key>
			<string></string>
			<key>projectReferences</key>
			<array/>
			<key>projectRoot</key>
			<string></string>
			<key>targets</key>
			<array>
				<string>7E5018B71DD3B23C00274FDF</string>
				<string>7E5018C01DD3B23C00274FDF</string>
			</array>
		</dict>
		<key>7E5018B21DD3B23C00274FDF</key>
		<dict>
			<key>buildConfigurations</key>
			<array>
				<string>7E5018CA1DD3B23C00274FDF</string>
				<string>7E5018CB1DD3B23C00274FDF</string>
			</array>
			<key>defaultConfigurationIsVisible</key>
			<string>0</string>
			<key>defaultConfigurationName</key>
			<string>Release</string>
			<key>isa</key>
			<string>XCConfigurationList</string>
		</dict>
		<key>7E5018B31DD3B23C00274FDF</key>
		<dict>
			<key>buildActionMask</key>
			<string>2147483647</string>
			<key>files</key>
			<array>
				<string>7E501A121DD3C11C00274FDF</string>
				<string>7E501A1E1DD3C11C00274FDF</string>
				<string>7E501A0E1DD3C11C00274FDF</string>
				<string>7E501A141DD3C11C00274FDF</string>
				<string>7E501A101DD3C11C00274FDF</string>
				<string>7E501A191DD3C11C00274FDF</string>
				<string>7E501A1B1DD3C11C00274FDF</string>
				<string>7E501A201DD3C11C00274FDF</string>
				<string>7E501A161DD3C11C00274FDF</string>
				<string>7EA9087A1DD540F7001AA952</string>
				<string>7E501A0C1DD3C11C00274FDF</string>
			</array>
			<key>isa</key>
			<string>PBXSourcesBuildPhase</string>
			<key>runOnlyForDeploymentPostprocessing</key>
			<string>0</string>
		</dict>
		<key>7E5018B41DD3B23C00274FDF</key>
		<dict>
			<key>buildActionMask</key>
			<string>2147483647</string>
			<key>files</key>
			<array>
				<string>5C45D6357460B0F2CE5ED880</string>
			</array>
			<key>isa</key>
			<string>PBXFrameworksBuildPhase</string>
			<key>runOnlyForDeploymentPostprocessing</key>
			<string>0</string>
		</dict>
		<key>7E5018B51DD3B23C00274FDF</key>
		<dict>
			<key>buildActionMask</key>
			<string>2147483647</string>
			<key>files</key>
			<array>
				<string>7E501A181DD3C11C00274FDF</string>
				<string>7E501A1D1DD3C11C00274FDF</string>
				<string>7E501A1F1DD3C11C00274FDF</string>
				<string>7E501A171DD3C11C00274FDF</string>
				<string>7E501A1C1DD3C11C00274FDF</string>
				<string>7E501A1A1DD3C11C00274FDF</string>
				<string>7E501A0D1DD3C11C00274FDF</string>
				<string>7E501A151DD3C11C00274FDF</string>
				<string>7E501A111DD3C11C00274FDF</string>
				<string>7E501A131DD3C11C00274FDF</string>
				<string>7E501A0B1DD3C11C00274FDF</string>
				<string>7E501A0F1DD3C11C00274FDF</string>
				<string>7E5018C91DD3B23C00274FDF</string>
			</array>
			<key>isa</key>
			<string>PBXHeadersBuildPhase</string>
			<key>runOnlyForDeploymentPostprocessing</key>
			<string>0</string>
		</dict>
		<key>7E5018B61DD3B23C00274FDF</key>
		<dict>
			<key>buildActionMask</key>
			<string>2147483647</string>
			<key>files</key>
			<array>
				<string>7EA908791DD540F7001AA952</string>
				<string>7EA908781DD540F7001AA952</string>
			</array>
			<key>isa</key>
			<string>PBXResourcesBuildPhase</string>
			<key>runOnlyForDeploymentPostprocessing</key>
			<string>0</string>
		</dict>
		<key>7E5018B71DD3B23C00274FDF</key>
		<dict>
			<key>buildConfigurationList</key>
			<string>7E5018CC1DD3B23C00274FDF</string>
			<key>buildPhases</key>
			<array>
				<string>41F4478DFAA3ADBC0FE1A22C</string>
				<string>7E5018B31DD3B23C00274FDF</string>
				<string>7E5018B41DD3B23C00274FDF</string>
				<string>7E5018B51DD3B23C00274FDF</string>
				<string>7E5018B61DD3B23C00274FDF</string>
				<string>C71C11FAA0F0FA7A86D444C7</string>
			</array>
			<key>buildRules</key>
			<array/>
			<key>dependencies</key>
			<array/>
			<key>isa</key>
			<string>PBXNativeTarget</string>
			<key>name</key>
			<string>JRAuditableEntityUI</string>
			<key>productName</key>
			<string>JRAuditableEntityUI</string>
			<key>productReference</key>
			<string>7E5018B81DD3B23C00274FDF</string>
			<key>productType</key>
			<string>com.apple.product-type.framework</string>
		</dict>
		<key>7E5018B81DD3B23C00274FDF</key>
		<dict>
			<key>explicitFileType</key>
			<string>wrapper.framework</string>
			<key>includeInIndex</key>
			<string>0</string>
			<key>isa</key>
			<string>PBXFileReference</string>
			<key>path</key>
			<string>JRAuditableEntityUI.framework</string>
			<key>sourceTree</key>
			<string>BUILT_PRODUCTS_DIR</string>
		</dict>
		<key>7E5018B91DD3B23C00274FDF</key>
		<dict>
			<key>children</key>
			<array>
				<string>7E5018B81DD3B23C00274FDF</string>
				<string>7E5018C11DD3B23C00274FDF</string>
			</array>
			<key>isa</key>
			<string>PBXGroup</string>
			<key>name</key>
			<string>Products</string>
			<key>sourceTree</key>
			<string>&lt;group&gt;</string>
		</dict>
		<key>7E5018BA1DD3B23C00274FDF</key>
		<dict>
			<key>children</key>
			<array>
				<string>7E5019F21DD3C11C00274FDF</string>
				<string>7E5019F91DD3C11C00274FDF</string>
				<string>7E5019FA1DD3C11C00274FDF</string>
				<string>7E5019FB1DD3C11C00274FDF</string>
				<string>7E501A061DD3C11C00274FDF</string>
				<string>7E5018BB1DD3B23C00274FDF</string>
				<string>7E5018BC1DD3B23C00274FDF</string>
			</array>
			<key>isa</key>
			<string>PBXGroup</string>
			<key>path</key>
			<string>JRAuditableEntityUI</string>
			<key>sourceTree</key>
			<string>&lt;group&gt;</string>
		</dict>
		<key>7E5018BB1DD3B23C00274FDF</key>
		<dict>
			<key>isa</key>
			<string>PBXFileReference</string>
			<key>lastKnownFileType</key>
			<string>sourcecode.c.h</string>
			<key>path</key>
			<string>JRAuditableEntityUI.h</string>
			<key>sourceTree</key>
			<string>&lt;group&gt;</string>
		</dict>
		<key>7E5018BC1DD3B23C00274FDF</key>
		<dict>
			<key>isa</key>
			<string>PBXFileReference</string>
			<key>lastKnownFileType</key>
			<string>text.plist.xml</string>
			<key>path</key>
			<string>Info.plist</string>
			<key>sourceTree</key>
			<string>&lt;group&gt;</string>
		</dict>
		<key>7E5018BD1DD3B23C00274FDF</key>
		<dict>
			<key>buildActionMask</key>
			<string>2147483647</string>
			<key>files</key>
			<array>
				<string>7E5018C71DD3B23C00274FDF</string>
			</array>
			<key>isa</key>
			<string>PBXSourcesBuildPhase</string>
			<key>runOnlyForDeploymentPostprocessing</key>
			<string>0</string>
		</dict>
		<key>7E5018BE1DD3B23C00274FDF</key>
		<dict>
			<key>buildActionMask</key>
			<string>2147483647</string>
			<key>files</key>
			<array>
				<string>7E5018C21DD3B23C00274FDF</string>
			</array>
			<key>isa</key>
			<string>PBXFrameworksBuildPhase</string>
			<key>runOnlyForDeploymentPostprocessing</key>
			<string>0</string>
		</dict>
		<key>7E5018BF1DD3B23C00274FDF</key>
		<dict>
			<key>buildActionMask</key>
			<string>2147483647</string>
			<key>files</key>
			<array/>
			<key>isa</key>
			<string>PBXResourcesBuildPhase</string>
			<key>runOnlyForDeploymentPostprocessing</key>
			<string>0</string>
		</dict>
		<key>7E5018C01DD3B23C00274FDF</key>
		<dict>
			<key>buildConfigurationList</key>
			<string>7E5018CF1DD3B23C00274FDF</string>
			<key>buildPhases</key>
			<array>
				<string>7E5018BD1DD3B23C00274FDF</string>
				<string>7E5018BE1DD3B23C00274FDF</string>
				<string>7E5018BF1DD3B23C00274FDF</string>
			</array>
			<key>buildRules</key>
			<array/>
			<key>dependencies</key>
			<array>
				<string>7E5018C41DD3B23C00274FDF</string>
			</array>
			<key>isa</key>
			<string>PBXNativeTarget</string>
			<key>name</key>
			<string>JRAuditableEntityUITests</string>
			<key>productName</key>
			<string>JRAuditableEntityUITests</string>
			<key>productReference</key>
			<string>7E5018C11DD3B23C00274FDF</string>
			<key>productType</key>
			<string>com.apple.product-type.bundle.unit-test</string>
		</dict>
		<key>7E5018C11DD3B23C00274FDF</key>
		<dict>
			<key>explicitFileType</key>
			<string>wrapper.cfbundle</string>
			<key>includeInIndex</key>
			<string>0</string>
			<key>isa</key>
			<string>PBXFileReference</string>
			<key>path</key>
			<string>JRAuditableEntityUITests.xctest</string>
			<key>sourceTree</key>
			<string>BUILT_PRODUCTS_DIR</string>
		</dict>
		<key>7E5018C21DD3B23C00274FDF</key>
		<dict>
			<key>fileRef</key>
			<string>7E5018B81DD3B23C00274FDF</string>
			<key>isa</key>
			<string>PBXBuildFile</string>
		</dict>
		<key>7E5018C31DD3B23C00274FDF</key>
		<dict>
			<key>containerPortal</key>
			<string>7E5018AF1DD3B23C00274FDF</string>
			<key>isa</key>
			<string>PBXContainerItemProxy</string>
			<key>proxyType</key>
			<string>1</string>
			<key>remoteGlobalIDString</key>
			<string>7E5018B71DD3B23C00274FDF</string>
			<key>remoteInfo</key>
			<string>JRAuditableEntityUI</string>
		</dict>
		<key>7E5018C41DD3B23C00274FDF</key>
		<dict>
			<key>isa</key>
			<string>PBXTargetDependency</string>
			<key>target</key>
			<string>7E5018B71DD3B23C00274FDF</string>
			<key>targetProxy</key>
			<string>7E5018C31DD3B23C00274FDF</string>
		</dict>
		<key>7E5018C51DD3B23C00274FDF</key>
		<dict>
			<key>children</key>
			<array>
				<string>7E5018C61DD3B23C00274FDF</string>
				<string>7E5018C81DD3B23C00274FDF</string>
			</array>
			<key>isa</key>
			<string>PBXGroup</string>
			<key>path</key>
			<string>JRAuditableEntityUITests</string>
			<key>sourceTree</key>
			<string>&lt;group&gt;</string>
		</dict>
		<key>7E5018C61DD3B23C00274FDF</key>
		<dict>
			<key>isa</key>
			<string>PBXFileReference</string>
			<key>lastKnownFileType</key>
			<string>sourcecode.c.objc</string>
			<key>path</key>
			<string>JRAuditableEntityUITests.m</string>
			<key>sourceTree</key>
			<string>&lt;group&gt;</string>
		</dict>
		<key>7E5018C71DD3B23C00274FDF</key>
		<dict>
			<key>fileRef</key>
			<string>7E5018C61DD3B23C00274FDF</string>
			<key>isa</key>
			<string>PBXBuildFile</string>
		</dict>
		<key>7E5018C81DD3B23C00274FDF</key>
		<dict>
			<key>isa</key>
			<string>PBXFileReference</string>
			<key>lastKnownFileType</key>
			<string>text.plist.xml</string>
			<key>path</key>
			<string>Info.plist</string>
			<key>sourceTree</key>
			<string>&lt;group&gt;</string>
		</dict>
		<key>7E5018C91DD3B23C00274FDF</key>
		<dict>
			<key>fileRef</key>
			<string>7E5018BB1DD3B23C00274FDF</string>
			<key>isa</key>
			<string>PBXBuildFile</string>
			<key>settings</key>
			<dict>
				<key>ATTRIBUTES</key>
				<array>
					<string>Public</string>
				</array>
			</dict>
		</dict>
		<key>7E5018CA1DD3B23C00274FDF</key>
		<dict>
			<key>buildSettings</key>
			<dict>
				<key>ALWAYS_SEARCH_USER_PATHS</key>
				<string>NO</string>
				<key>CLANG_ANALYZER_NONNULL</key>
				<string>YES</string>
				<key>CLANG_CXX_LANGUAGE_STANDARD</key>
				<string>gnu++0x</string>
				<key>CLANG_CXX_LIBRARY</key>
				<string>libc++</string>
				<key>CLANG_ENABLE_MODULES</key>
				<string>YES</string>
				<key>CLANG_ENABLE_OBJC_ARC</key>
				<string>YES</string>
				<key>CLANG_WARN_BOOL_CONVERSION</key>
				<string>YES</string>
				<key>CLANG_WARN_CONSTANT_CONVERSION</key>
				<string>YES</string>
				<key>CLANG_WARN_DIRECT_OBJC_ISA_USAGE</key>
				<string>YES_ERROR</string>
				<key>CLANG_WARN_DOCUMENTATION_COMMENTS</key>
				<string>YES</string>
				<key>CLANG_WARN_EMPTY_BODY</key>
				<string>YES</string>
				<key>CLANG_WARN_ENUM_CONVERSION</key>
				<string>YES</string>
				<key>CLANG_WARN_INFINITE_RECURSION</key>
				<string>YES</string>
				<key>CLANG_WARN_INT_CONVERSION</key>
				<string>YES</string>
				<key>CLANG_WARN_OBJC_ROOT_CLASS</key>
				<string>YES_ERROR</string>
				<key>CLANG_WARN_SUSPICIOUS_MOVES</key>
				<string>YES</string>
				<key>CLANG_WARN_UNREACHABLE_CODE</key>
				<string>YES</string>
				<key>CLANG_WARN__DUPLICATE_METHOD_MATCH</key>
				<string>YES</string>
				<key>CODE_SIGN_IDENTITY[sdk=iphoneos*]</key>
				<string>iPhone Developer</string>
				<key>COPY_PHASE_STRIP</key>
				<string>NO</string>
				<key>CURRENT_PROJECT_VERSION</key>
				<string>1</string>
				<key>DEBUG_INFORMATION_FORMAT</key>
				<string>dwarf</string>
				<key>ENABLE_STRICT_OBJC_MSGSEND</key>
				<string>YES</string>
				<key>ENABLE_TESTABILITY</key>
				<string>YES</string>
				<key>GCC_C_LANGUAGE_STANDARD</key>
				<string>gnu99</string>
				<key>GCC_DYNAMIC_NO_PIC</key>
				<string>NO</string>
				<key>GCC_NO_COMMON_BLOCKS</key>
				<string>YES</string>
				<key>GCC_OPTIMIZATION_LEVEL</key>
				<string>0</string>
				<key>GCC_PREPROCESSOR_DEFINITIONS</key>
				<array>
					<string>DEBUG=1</string>
					<string>$(inherited)</string>
				</array>
				<key>GCC_WARN_64_TO_32_BIT_CONVERSION</key>
				<string>YES</string>
				<key>GCC_WARN_ABOUT_RETURN_TYPE</key>
				<string>YES_ERROR</string>
				<key>GCC_WARN_UNDECLARED_SELECTOR</key>
				<string>YES</string>
				<key>GCC_WARN_UNINITIALIZED_AUTOS</key>
				<string>YES_AGGRESSIVE</string>
				<key>GCC_WARN_UNUSED_FUNCTION</key>
				<string>YES</string>
				<key>GCC_WARN_UNUSED_VARIABLE</key>
				<string>YES</string>
				<key>IPHONEOS_DEPLOYMENT_TARGET</key>
				<string>10.1</string>
				<key>MTL_ENABLE_DEBUG_INFO</key>
				<string>YES</string>
				<key>ONLY_ACTIVE_ARCH</key>
				<string>YES</string>
				<key>SDKROOT</key>
				<string>iphoneos</string>
				<key>TARGETED_DEVICE_FAMILY</key>
				<string>1,2</string>
				<key>VERSIONING_SYSTEM</key>
				<string>apple-generic</string>
				<key>VERSION_INFO_PREFIX</key>
				<string></string>
			</dict>
			<key>isa</key>
			<string>XCBuildConfiguration</string>
			<key>name</key>
			<string>Debug</string>
		</dict>
		<key>7E5018CB1DD3B23C00274FDF</key>
		<dict>
			<key>buildSettings</key>
			<dict>
				<key>ALWAYS_SEARCH_USER_PATHS</key>
				<string>NO</string>
				<key>CLANG_ANALYZER_NONNULL</key>
				<string>YES</string>
				<key>CLANG_CXX_LANGUAGE_STANDARD</key>
				<string>gnu++0x</string>
				<key>CLANG_CXX_LIBRARY</key>
				<string>libc++</string>
				<key>CLANG_ENABLE_MODULES</key>
				<string>YES</string>
				<key>CLANG_ENABLE_OBJC_ARC</key>
				<string>YES</string>
				<key>CLANG_WARN_BOOL_CONVERSION</key>
				<string>YES</string>
				<key>CLANG_WARN_CONSTANT_CONVERSION</key>
				<string>YES</string>
				<key>CLANG_WARN_DIRECT_OBJC_ISA_USAGE</key>
				<string>YES_ERROR</string>
				<key>CLANG_WARN_DOCUMENTATION_COMMENTS</key>
				<string>YES</string>
				<key>CLANG_WARN_EMPTY_BODY</key>
				<string>YES</string>
				<key>CLANG_WARN_ENUM_CONVERSION</key>
				<string>YES</string>
				<key>CLANG_WARN_INFINITE_RECURSION</key>
				<string>YES</string>
				<key>CLANG_WARN_INT_CONVERSION</key>
				<string>YES</string>
				<key>CLANG_WARN_OBJC_ROOT_CLASS</key>
				<string>YES_ERROR</string>
				<key>CLANG_WARN_SUSPICIOUS_MOVES</key>
				<string>YES</string>
				<key>CLANG_WARN_UNREACHABLE_CODE</key>
				<string>YES</string>
				<key>CLANG_WARN__DUPLICATE_METHOD_MATCH</key>
				<string>YES</string>
				<key>CODE_SIGN_IDENTITY[sdk=iphoneos*]</key>
				<string>iPhone Developer</string>
				<key>COPY_PHASE_STRIP</key>
				<string>NO</string>
				<key>CURRENT_PROJECT_VERSION</key>
				<string>1</string>
				<key>DEBUG_INFORMATION_FORMAT</key>
				<string>dwarf-with-dsym</string>
				<key>ENABLE_NS_ASSERTIONS</key>
				<string>NO</string>
				<key>ENABLE_STRICT_OBJC_MSGSEND</key>
				<string>YES</string>
				<key>GCC_C_LANGUAGE_STANDARD</key>
				<string>gnu99</string>
				<key>GCC_NO_COMMON_BLOCKS</key>
				<string>YES</string>
				<key>GCC_WARN_64_TO_32_BIT_CONVERSION</key>
				<string>YES</string>
				<key>GCC_WARN_ABOUT_RETURN_TYPE</key>
				<string>YES_ERROR</string>
				<key>GCC_WARN_UNDECLARED_SELECTOR</key>
				<string>YES</string>
				<key>GCC_WARN_UNINITIALIZED_AUTOS</key>
				<string>YES_AGGRESSIVE</string>
				<key>GCC_WARN_UNUSED_FUNCTION</key>
				<string>YES</string>
				<key>GCC_WARN_UNUSED_VARIABLE</key>
				<string>YES</string>
				<key>IPHONEOS_DEPLOYMENT_TARGET</key>
				<string>10.1</string>
				<key>MTL_ENABLE_DEBUG_INFO</key>
				<string>NO</string>
				<key>SDKROOT</key>
				<string>iphoneos</string>
				<key>TARGETED_DEVICE_FAMILY</key>
				<string>1,2</string>
				<key>VALIDATE_PRODUCT</key>
				<string>YES</string>
				<key>VERSIONING_SYSTEM</key>
				<string>apple-generic</string>
				<key>VERSION_INFO_PREFIX</key>
				<string></string>
			</dict>
			<key>isa</key>
			<string>XCBuildConfiguration</string>
			<key>name</key>
			<string>Release</string>
		</dict>
		<key>7E5018CC1DD3B23C00274FDF</key>
		<dict>
			<key>buildConfigurations</key>
			<array>
				<string>7E5018CD1DD3B23C00274FDF</string>
				<string>7E5018CE1DD3B23C00274FDF</string>
			</array>
			<key>defaultConfigurationIsVisible</key>
			<string>0</string>
			<key>defaultConfigurationName</key>
			<string>Release</string>
			<key>isa</key>
			<string>XCConfigurationList</string>
		</dict>
		<key>7E5018CD1DD3B23C00274FDF</key>
		<dict>
			<key>baseConfigurationReference</key>
			<string>E9A8A01E9C537DB9F05B4DB9</string>
			<key>buildSettings</key>
			<dict>
				<key>ALWAYS_SEARCH_USER_PATHS</key>
				<string>NO</string>
				<key>CODE_SIGN_IDENTITY</key>
				<string></string>
				<key>DEFINES_MODULE</key>
				<string>YES</string>
				<key>DYLIB_COMPATIBILITY_VERSION</key>
				<string>1</string>
				<key>DYLIB_CURRENT_VERSION</key>
				<string>1</string>
				<key>DYLIB_INSTALL_NAME_BASE</key>
				<string>@rpath</string>
				<key>FRAMEWORK_SEARCH_PATHS</key>
				<array>
					<string>$(inherited)</string>
					<string>$(PROJECT_DIR)</string>
				</array>
				<key>INFOPLIST_FILE</key>
				<string>JRAuditableEntityUI/Info.plist</string>
				<key>INSTALL_PATH</key>
				<string>$(LOCAL_LIBRARY_DIR)/Frameworks</string>
				<key>LD_RUNPATH_SEARCH_PATHS</key>
				<string>$(inherited) @executable_path/Frameworks @loader_path/Frameworks</string>
				<key>LIBRARY_SEARCH_PATHS</key>
				<string></string>
				<key>PRODUCT_BUNDLE_IDENTIFIER</key>
				<string>com.discorp.JRAuditableEntityUI</string>
				<key>PRODUCT_NAME</key>
				<string>$(TARGET_NAME)</string>
				<key>SKIP_INSTALL</key>
				<string>YES</string>
			</dict>
			<key>isa</key>
			<string>XCBuildConfiguration</string>
			<key>name</key>
			<string>Debug</string>
		</dict>
		<key>7E5018CE1DD3B23C00274FDF</key>
		<dict>
			<key>baseConfigurationReference</key>
			<string>77A019C6D7BA1C64B99CB4FB</string>
			<key>buildSettings</key>
			<dict>
				<key>ALWAYS_SEARCH_USER_PATHS</key>
				<string>NO</string>
				<key>CODE_SIGN_IDENTITY</key>
				<string></string>
				<key>DEFINES_MODULE</key>
				<string>YES</string>
				<key>DYLIB_COMPATIBILITY_VERSION</key>
				<string>1</string>
				<key>DYLIB_CURRENT_VERSION</key>
				<string>1</string>
				<key>DYLIB_INSTALL_NAME_BASE</key>
				<string>@rpath</string>
				<key>FRAMEWORK_SEARCH_PATHS</key>
				<array>
					<string>$(inherited)</string>
					<string>$(PROJECT_DIR)</string>
				</array>
				<key>INFOPLIST_FILE</key>
				<string>JRAuditableEntityUI/Info.plist</string>
				<key>INSTALL_PATH</key>
				<string>$(LOCAL_LIBRARY_DIR)/Frameworks</string>
				<key>LD_RUNPATH_SEARCH_PATHS</key>
				<string>$(inherited) @executable_path/Frameworks @loader_path/Frameworks</string>
				<key>LIBRARY_SEARCH_PATHS</key>
				<string></string>
				<key>PRODUCT_BUNDLE_IDENTIFIER</key>
				<string>com.discorp.JRAuditableEntityUI</string>
				<key>PRODUCT_NAME</key>
				<string>$(TARGET_NAME)</string>
				<key>SKIP_INSTALL</key>
				<string>YES</string>
			</dict>
			<key>isa</key>
			<string>XCBuildConfiguration</string>
			<key>name</key>
			<string>Release</string>
		</dict>
		<key>7E5018CF1DD3B23C00274FDF</key>
		<dict>
			<key>buildConfigurations</key>
			<array>
				<string>7E5018D01DD3B23C00274FDF</string>
				<string>7E5018D11DD3B23C00274FDF</string>
			</array>
			<key>defaultConfigurationIsVisible</key>
			<string>0</string>
			<key>defaultConfigurationName</key>
			<string>Release</string>
			<key>isa</key>
			<string>XCConfigurationList</string>
		</dict>
		<key>7E5018D01DD3B23C00274FDF</key>
		<dict>
			<key>buildSettings</key>
			<dict>
				<key>INFOPLIST_FILE</key>
				<string>JRAuditableEntityUITests/Info.plist</string>
				<key>LD_RUNPATH_SEARCH_PATHS</key>
				<string>$(inherited) @executable_path/Frameworks @loader_path/Frameworks</string>
				<key>PRODUCT_BUNDLE_IDENTIFIER</key>
				<string>com.discorp.JRAuditableEntityUITests</string>
				<key>PRODUCT_NAME</key>
				<string>$(TARGET_NAME)</string>
			</dict>
			<key>isa</key>
			<string>XCBuildConfiguration</string>
			<key>name</key>
			<string>Debug</string>
		</dict>
		<key>7E5018D11DD3B23C00274FDF</key>
		<dict>
			<key>buildSettings</key>
			<dict>
				<key>INFOPLIST_FILE</key>
				<string>JRAuditableEntityUITests/Info.plist</string>
				<key>LD_RUNPATH_SEARCH_PATHS</key>
				<string>$(inherited) @executable_path/Frameworks @loader_path/Frameworks</string>
				<key>PRODUCT_BUNDLE_IDENTIFIER</key>
				<string>com.discorp.JRAuditableEntityUITests</string>
				<key>PRODUCT_NAME</key>
				<string>$(TARGET_NAME)</string>
			</dict>
			<key>isa</key>
			<string>XCBuildConfiguration</string>
			<key>name</key>
			<string>Release</string>
		</dict>
		<key>7E5019F21DD3C11C00274FDF</key>
		<dict>
			<key>children</key>
			<array>
				<string>7E5019F31DD3C11C00274FDF</string>
				<string>7E5019F41DD3C11C00274FDF</string>
				<string>7E5019F51DD3C11C00274FDF</string>
				<string>7E5019F61DD3C11C00274FDF</string>
				<string>7E5019F71DD3C11C00274FDF</string>
				<string>7E5019F81DD3C11C00274FDF</string>
			</array>
			<key>isa</key>
			<string>PBXGroup</string>
			<key>path</key>
			<string>Actions</string>
			<key>sourceTree</key>
			<string>&lt;group&gt;</string>
		</dict>
		<key>7E5019F31DD3C11C00274FDF</key>
		<dict>
			<key>fileEncoding</key>
			<string>4</string>
			<key>isa</key>
			<string>PBXFileReference</string>
			<key>lastKnownFileType</key>
			<string>sourcecode.c.h</string>
			<key>path</key>
			<string>JRNumberBoxFixableAction.h</string>
			<key>sourceTree</key>
			<string>&lt;group&gt;</string>
		</dict>
		<key>7E5019F41DD3C11C00274FDF</key>
		<dict>
			<key>fileEncoding</key>
			<string>4</string>
			<key>isa</key>
			<string>PBXFileReference</string>
			<key>lastKnownFileType</key>
			<string>sourcecode.c.objc</string>
			<key>path</key>
			<string>JRNumberBoxFixableAction.m</string>
			<key>sourceTree</key>
			<string>&lt;group&gt;</string>
		</dict>
		<key>7E5019F51DD3C11C00274FDF</key>
		<dict>
			<key>fileEncoding</key>
			<string>4</string>
			<key>isa</key>
			<string>PBXFileReference</string>
			<key>lastKnownFileType</key>
			<string>sourcecode.c.h</string>
			<key>path</key>
			<string>JROptionsFixableAction.h</string>
			<key>sourceTree</key>
			<string>&lt;group&gt;</string>
		</dict>
		<key>7E5019F61DD3C11C00274FDF</key>
		<dict>
			<key>fileEncoding</key>
			<string>4</string>
			<key>isa</key>
			<string>PBXFileReference</string>
			<key>lastKnownFileType</key>
			<string>sourcecode.c.objc</string>
			<key>path</key>
			<string>JROptionsFixableAction.m</string>
			<key>sourceTree</key>
			<string>&lt;group&gt;</string>
		</dict>
		<key>7E5019F71DD3C11C00274FDF</key>
		<dict>
			<key>fileEncoding</key>
			<string>4</string>
			<key>isa</key>
			<string>PBXFileReference</string>
			<key>lastKnownFileType</key>
			<string>sourcecode.c.h</string>
			<key>path</key>
			<string>JRTextBoxFixableAction.h</string>
			<key>sourceTree</key>
			<string>&lt;group&gt;</string>
		</dict>
		<key>7E5019F81DD3C11C00274FDF</key>
		<dict>
			<key>fileEncoding</key>
			<string>4</string>
			<key>isa</key>
			<string>PBXFileReference</string>
			<key>lastKnownFileType</key>
			<string>sourcecode.c.objc</string>
			<key>path</key>
			<string>JRTextBoxFixableAction.m</string>
			<key>sourceTree</key>
			<string>&lt;group&gt;</string>
		</dict>
		<key>7E5019F91DD3C11C00274FDF</key>
		<dict>
			<key>fileEncoding</key>
			<string>4</string>
			<key>isa</key>
			<string>PBXFileReference</string>
			<key>lastKnownFileType</key>
			<string>sourcecode.c.h</string>
			<key>path</key>
			<string>JRDiffableUIConstants.h</string>
			<key>sourceTree</key>
			<string>&lt;group&gt;</string>
		</dict>
		<key>7E5019FA1DD3C11C00274FDF</key>
		<dict>
			<key>fileEncoding</key>
			<string>4</string>
			<key>isa</key>
			<string>PBXFileReference</string>
			<key>lastKnownFileType</key>
			<string>sourcecode.c.objc</string>
			<key>path</key>
			<string>JRDIffableUIConstants.m</string>
			<key>sourceTree</key>
			<string>&lt;group&gt;</string>
		</dict>
		<key>7E5019FB1DD3C11C00274FDF</key>
		<dict>
			<key>children</key>
			<array>
				<string>7E5019FC1DD3C11C00274FDF</string>
				<string>7E5019FD1DD3C11C00274FDF</string>
				<string>7E5019FE1DD3C11C00274FDF</string>
				<string>7E5019FF1DD3C11C00274FDF</string>
				<string>7E501A001DD3C11C00274FDF</string>
				<string>7E501A011DD3C11C00274FDF</string>
				<string>7E501A021DD3C11C00274FDF</string>
				<string>7E501A031DD3C11C00274FDF</string>
				<string>7E501A041DD3C11C00274FDF</string>
				<string>7E501A051DD3C11C00274FDF</string>
			</array>
			<key>isa</key>
			<string>PBXGroup</string>
			<key>path</key>
			<string>ViewControllers</string>
			<key>sourceTree</key>
			<string>&lt;group&gt;</string>
		</dict>
		<key>7E5019FC1DD3C11C00274FDF</key>
		<dict>
			<key>fileEncoding</key>
			<string>4</string>
			<key>isa</key>
			<string>PBXFileReference</string>
			<key>lastKnownFileType</key>
			<string>sourcecode.c.h</string>
			<key>path</key>
			<string>JRDiffableListTableViewController.h</string>
			<key>sourceTree</key>
			<string>&lt;group&gt;</string>
		</dict>
		<key>7E5019FD1DD3C11C00274FDF</key>
		<dict>
			<key>fileEncoding</key>
			<string>4</string>
			<key>isa</key>
			<string>PBXFileReference</string>
			<key>lastKnownFileType</key>
			<string>sourcecode.c.objc</string>
			<key>path</key>
			<string>JRDiffableListTableViewController.m</string>
			<key>sourceTree</key>
			<string>&lt;group&gt;</string>
		</dict>
		<key>7E5019FE1DD3C11C00274FDF</key>
		<dict>
			<key>fileEncoding</key>
			<string>4</string>
			<key>isa</key>
			<string>PBXFileReference</string>
			<key>lastKnownFileType</key>
			<string>sourcecode.c.h</string>
			<key>path</key>
			<string>JRDiffableTableViewController.h</string>
			<key>sourceTree</key>
			<string>&lt;group&gt;</string>
		</dict>
		<key>7E5019FF1DD3C11C00274FDF</key>
		<dict>
			<key>fileEncoding</key>
			<string>4</string>
			<key>isa</key>
			<string>PBXFileReference</string>
			<key>lastKnownFileType</key>
			<string>sourcecode.c.objc</string>
			<key>path</key>
			<string>JRDiffableTableViewController.m</string>
			<key>sourceTree</key>
			<string>&lt;group&gt;</string>
		</dict>
		<key>7E501A001DD3C11C00274FDF</key>
		<dict>
			<key>fileEncoding</key>
			<string>4</string>
			<key>isa</key>
			<string>PBXFileReference</string>
			<key>lastKnownFileType</key>
			<string>sourcecode.c.h</string>
			<key>path</key>
			<string>JRDiffableTableViewDelegate.h</string>
			<key>sourceTree</key>
			<string>&lt;group&gt;</string>
		</dict>
		<key>7E501A011DD3C11C00274FDF</key>
		<dict>
			<key>fileEncoding</key>
			<string>4</string>
			<key>isa</key>
			<string>PBXFileReference</string>
			<key>lastKnownFileType</key>
			<string>sourcecode.c.h</string>
			<key>path</key>
			<string>JRFixableListTableViewController.h</string>
			<key>sourceTree</key>
			<string>&lt;group&gt;</string>
		</dict>
		<key>7E501A021DD3C11C00274FDF</key>
		<dict>
			<key>fileEncoding</key>
			<string>4</string>
			<key>isa</key>
			<string>PBXFileReference</string>
			<key>lastKnownFileType</key>
			<string>sourcecode.c.objc</string>
			<key>path</key>
			<string>JRFixableListTableViewController.m</string>
			<key>sourceTree</key>
			<string>&lt;group&gt;</string>
		</dict>
		<key>7E501A031DD3C11C00274FDF</key>
		<dict>
			<key>fileEncoding</key>
			<string>4</string>
			<key>isa</key>
			<string>PBXFileReference</string>
			<key>lastKnownFileType</key>
			<string>sourcecode.c.h</string>
			<key>path</key>
			<string>JRFixableTableViewController.h</string>
			<key>sourceTree</key>
			<string>&lt;group&gt;</string>
		</dict>
		<key>7E501A041DD3C11C00274FDF</key>
		<dict>
			<key>fileEncoding</key>
			<string>4</string>
			<key>isa</key>
			<string>PBXFileReference</string>
			<key>lastKnownFileType</key>
			<string>sourcecode.c.objc</string>
			<key>path</key>
			<string>JRFixableTableViewController.m</string>
			<key>sourceTree</key>
			<string>&lt;group&gt;</string>
		</dict>
		<key>7E501A051DD3C11C00274FDF</key>
		<dict>
			<key>fileEncoding</key>
			<string>4</string>
			<key>isa</key>
			<string>PBXFileReference</string>
			<key>lastKnownFileType</key>
			<string>sourcecode.c.h</string>
			<key>path</key>
			<string>JRFixableTableViewDelegate.h</string>
			<key>sourceTree</key>
			<string>&lt;group&gt;</string>
		</dict>
		<key>7E501A061DD3C11C00274FDF</key>
		<dict>
			<key>children</key>
			<array>
				<string>7E501A071DD3C11C00274FDF</string>
				<string>7E501A081DD3C11C00274FDF</string>
				<string>7E501A091DD3C11C00274FDF</string>
				<string>7E501A0A1DD3C11C00274FDF</string>
			</array>
			<key>isa</key>
			<string>PBXGroup</string>
			<key>path</key>
			<string>Views</string>
			<key>sourceTree</key>
			<string>&lt;group&gt;</string>
		</dict>
		<key>7E501A071DD3C11C00274FDF</key>
		<dict>
			<key>fileEncoding</key>
			<string>4</string>
			<key>isa</key>
			<string>PBXFileReference</string>
			<key>lastKnownFileType</key>
			<string>sourcecode.c.h</string>
			<key>path</key>
			<string>JRDiffableTableViewCell.h</string>
			<key>sourceTree</key>
			<string>&lt;group&gt;</string>
		</dict>
		<key>7E501A081DD3C11C00274FDF</key>
		<dict>
			<key>fileEncoding</key>
			<string>4</string>
			<key>isa</key>
			<string>PBXFileReference</string>
			<key>lastKnownFileType</key>
			<string>sourcecode.c.objc</string>
			<key>path</key>
			<string>JRDiffableTableViewCell.m</string>
			<key>sourceTree</key>
			<string>&lt;group&gt;</string>
		</dict>
		<key>7E501A091DD3C11C00274FDF</key>
		<dict>
			<key>fileEncoding</key>
			<string>4</string>
			<key>isa</key>
			<string>PBXFileReference</string>
			<key>lastKnownFileType</key>
			<string>sourcecode.c.h</string>
			<key>path</key>
			<string>JRFixableTableViewCell.h</string>
			<key>sourceTree</key>
			<string>&lt;group&gt;</string>
		</dict>
		<key>7E501A0A1DD3C11C00274FDF</key>
		<dict>
			<key>fileEncoding</key>
			<string>4</string>
			<key>isa</key>
			<string>PBXFileReference</string>
			<key>lastKnownFileType</key>
			<string>sourcecode.c.objc</string>
			<key>path</key>
			<string>JRFixableTableViewCell.m</string>
			<key>sourceTree</key>
			<string>&lt;group&gt;</string>
		</dict>
		<key>7E501A0B1DD3C11C00274FDF</key>
		<dict>
			<key>fileRef</key>
			<string>7E5019F31DD3C11C00274FDF</string>
			<key>isa</key>
			<string>PBXBuildFile</string>
			<key>settings</key>
			<dict>
				<key>ATTRIBUTES</key>
				<array>
					<string>Public</string>
				</array>
			</dict>
		</dict>
		<key>7E501A0C1DD3C11C00274FDF</key>
		<dict>
			<key>fileRef</key>
			<string>7E5019F41DD3C11C00274FDF</string>
			<key>isa</key>
			<string>PBXBuildFile</string>
		</dict>
		<key>7E501A0D1DD3C11C00274FDF</key>
		<dict>
			<key>fileRef</key>
			<string>7E5019F51DD3C11C00274FDF</string>
			<key>isa</key>
			<string>PBXBuildFile</string>
			<key>settings</key>
			<dict>
				<key>ATTRIBUTES</key>
				<array>
					<string>Public</string>
				</array>
			</dict>
		</dict>
		<key>7E501A0E1DD3C11C00274FDF</key>
		<dict>
			<key>fileRef</key>
			<string>7E5019F61DD3C11C00274FDF</string>
			<key>isa</key>
			<string>PBXBuildFile</string>
		</dict>
		<key>7E501A0F1DD3C11C00274FDF</key>
		<dict>
			<key>fileRef</key>
			<string>7E5019F71DD3C11C00274FDF</string>
			<key>isa</key>
			<string>PBXBuildFile</string>
			<key>settings</key>
			<dict>
				<key>ATTRIBUTES</key>
				<array>
					<string>Public</string>
				</array>
			</dict>
		</dict>
		<key>7E501A101DD3C11C00274FDF</key>
		<dict>
			<key>fileRef</key>
			<string>7E5019F81DD3C11C00274FDF</string>
			<key>isa</key>
			<string>PBXBuildFile</string>
		</dict>
		<key>7E501A111DD3C11C00274FDF</key>
		<dict>
			<key>fileRef</key>
			<string>7E5019F91DD3C11C00274FDF</string>
			<key>isa</key>
			<string>PBXBuildFile</string>
			<key>settings</key>
			<dict>
				<key>ATTRIBUTES</key>
				<array>
					<string>Public</string>
				</array>
			</dict>
		</dict>
		<key>7E501A121DD3C11C00274FDF</key>
		<dict>
			<key>fileRef</key>
			<string>7E5019FA1DD3C11C00274FDF</string>
			<key>isa</key>
			<string>PBXBuildFile</string>
		</dict>
		<key>7E501A131DD3C11C00274FDF</key>
		<dict>
			<key>fileRef</key>
			<string>7E5019FC1DD3C11C00274FDF</string>
			<key>isa</key>
			<string>PBXBuildFile</string>
			<key>settings</key>
			<dict>
				<key>ATTRIBUTES</key>
				<array>
					<string>Public</string>
				</array>
			</dict>
		</dict>
		<key>7E501A141DD3C11C00274FDF</key>
		<dict>
			<key>fileRef</key>
			<string>7E5019FD1DD3C11C00274FDF</string>
			<key>isa</key>
			<string>PBXBuildFile</string>
		</dict>
		<key>7E501A151DD3C11C00274FDF</key>
		<dict>
			<key>fileRef</key>
			<string>7E5019FE1DD3C11C00274FDF</string>
			<key>isa</key>
			<string>PBXBuildFile</string>
			<key>settings</key>
			<dict>
				<key>ATTRIBUTES</key>
				<array>
					<string>Public</string>
				</array>
			</dict>
		</dict>
		<key>7E501A161DD3C11C00274FDF</key>
		<dict>
			<key>fileRef</key>
			<string>7E5019FF1DD3C11C00274FDF</string>
			<key>isa</key>
			<string>PBXBuildFile</string>
		</dict>
		<key>7E501A171DD3C11C00274FDF</key>
		<dict>
			<key>fileRef</key>
			<string>7E501A001DD3C11C00274FDF</string>
			<key>isa</key>
			<string>PBXBuildFile</string>
			<key>settings</key>
			<dict>
				<key>ATTRIBUTES</key>
				<array>
					<string>Public</string>
				</array>
			</dict>
		</dict>
		<key>7E501A181DD3C11C00274FDF</key>
		<dict>
			<key>fileRef</key>
			<string>7E501A011DD3C11C00274FDF</string>
			<key>isa</key>
			<string>PBXBuildFile</string>
			<key>settings</key>
			<dict>
				<key>ATTRIBUTES</key>
				<array>
					<string>Public</string>
				</array>
			</dict>
		</dict>
		<key>7E501A191DD3C11C00274FDF</key>
		<dict>
			<key>fileRef</key>
			<string>7E501A021DD3C11C00274FDF</string>
			<key>isa</key>
			<string>PBXBuildFile</string>
		</dict>
		<key>7E501A1A1DD3C11C00274FDF</key>
		<dict>
			<key>fileRef</key>
			<string>7E501A031DD3C11C00274FDF</string>
			<key>isa</key>
			<string>PBXBuildFile</string>
			<key>settings</key>
			<dict>
				<key>ATTRIBUTES</key>
				<array>
					<string>Public</string>
				</array>
			</dict>
		</dict>
		<key>7E501A1B1DD3C11C00274FDF</key>
		<dict>
			<key>fileRef</key>
			<string>7E501A041DD3C11C00274FDF</string>
			<key>isa</key>
			<string>PBXBuildFile</string>
		</dict>
		<key>7E501A1C1DD3C11C00274FDF</key>
		<dict>
			<key>fileRef</key>
			<string>7E501A051DD3C11C00274FDF</string>
			<key>isa</key>
			<string>PBXBuildFile</string>
			<key>settings</key>
			<dict>
				<key>ATTRIBUTES</key>
				<array>
					<string>Public</string>
				</array>
			</dict>
		</dict>
		<key>7E501A1D1DD3C11C00274FDF</key>
		<dict>
			<key>fileRef</key>
			<string>7E501A071DD3C11C00274FDF</string>
			<key>isa</key>
			<string>PBXBuildFile</string>
			<key>settings</key>
			<dict>
				<key>ATTRIBUTES</key>
				<array>
					<string>Public</string>
				</array>
			</dict>
		</dict>
		<key>7E501A1E1DD3C11C00274FDF</key>
		<dict>
			<key>fileRef</key>
			<string>7E501A081DD3C11C00274FDF</string>
			<key>isa</key>
			<string>PBXBuildFile</string>
		</dict>
		<key>7E501A1F1DD3C11C00274FDF</key>
		<dict>
			<key>fileRef</key>
			<string>7E501A091DD3C11C00274FDF</string>
			<key>isa</key>
			<string>PBXBuildFile</string>
			<key>settings</key>
			<dict>
				<key>ATTRIBUTES</key>
				<array>
					<string>Public</string>
				</array>
			</dict>
		</dict>
		<key>7E501A201DD3C11C00274FDF</key>
		<dict>
			<key>fileRef</key>
			<string>7E501A0A1DD3C11C00274FDF</string>
			<key>isa</key>
			<string>PBXBuildFile</string>
		</dict>
		<key>7EA908741DD540DE001AA952</key>
		<dict>
			<key>children</key>
			<array>
				<string>7EA908751DD540F7001AA952</string>
				<string>7EA908761DD540F7001AA952</string>
				<string>7EA908771DD540F7001AA952</string>
			</array>
			<key>isa</key>
			<string>PBXGroup</string>
			<key>name</key>
			<string>Metadata</string>
			<key>sourceTree</key>
			<string>&lt;group&gt;</string>
		</dict>
		<key>7EA908751DD540F7001AA952</key>
		<dict>
			<key>fileEncoding</key>
			<string>4</string>
			<key>isa</key>
			<string>PBXFileReference</string>
			<key>lastKnownFileType</key>
			<string>text</string>
			<key>path</key>
			<string>JRAuditableEntityUI.podspec</string>
			<key>sourceTree</key>
			<string>&lt;group&gt;</string>
		</dict>
		<key>7EA908761DD540F7001AA952</key>
		<dict>
			<key>fileEncoding</key>
			<string>4</string>
			<key>isa</key>
			<string>PBXFileReference</string>
			<key>lastKnownFileType</key>
			<string>text</string>
			<key>path</key>
			<string>LICENSE</string>
			<key>sourceTree</key>
			<string>&lt;group&gt;</string>
		</dict>
		<key>7EA908771DD540F7001AA952</key>
		<dict>
			<key>fileEncoding</key>
			<string>4</string>
			<key>isa</key>
			<string>PBXFileReference</string>
			<key>lastKnownFileType</key>
			<string>net.daringfireball.markdown</string>
			<key>path</key>
			<string>README.md</string>
			<key>sourceTree</key>
			<string>&lt;group&gt;</string>
		</dict>
		<key>7EA908781DD540F7001AA952</key>
		<dict>
			<key>fileRef</key>
			<string>7EA908751DD540F7001AA952</string>
			<key>isa</key>
			<string>PBXBuildFile</string>
		</dict>
		<key>7EA908791DD540F7001AA952</key>
		<dict>
			<key>fileRef</key>
			<string>7EA908761DD540F7001AA952</string>
			<key>isa</key>
			<string>PBXBuildFile</string>
		</dict>
		<key>7EA9087A1DD540F7001AA952</key>
		<dict>
			<key>fileRef</key>
			<string>7EA908771DD540F7001AA952</string>
			<key>isa</key>
			<string>PBXBuildFile</string>
		</dict>
		<key>C71C11FAA0F0FA7A86D444C7</key>
		<dict>
			<key>buildActionMask</key>
			<string>2147483647</string>
			<key>files</key>
			<array/>
			<key>inputPaths</key>
			<array/>
			<key>isa</key>
			<string>PBXShellScriptBuildPhase</string>
			<key>name</key>
			<string>Copy Pods Resources</string>
			<key>outputPaths</key>
			<array/>
			<key>runOnlyForDeploymentPostprocessing</key>
			<string>0</string>
			<key>shellPath</key>
			<string>/bin/sh</string>
			<key>shellScript</key>
			<string>"${SRCROOT}/Pods/Target Support Files/Pods/Pods-resources.sh"
</string>
			<key>showEnvVarsInLog</key>
			<string>0</string>
		</dict>
		<key>CA2AFA2391D3E4AE4508E7B2</key>
		<dict>
			<key>explicitFileType</key>
			<string>archive.ar</string>
			<key>includeInIndex</key>
			<string>0</string>
			<key>isa</key>
			<string>PBXFileReference</string>
			<key>path</key>
			<string>libPods.a</string>
			<key>sourceTree</key>
			<string>BUILT_PRODUCTS_DIR</string>
		</dict>
		<key>E9A8A01E9C537DB9F05B4DB9</key>
		<dict>
			<key>includeInIndex</key>
			<string>1</string>
			<key>isa</key>
			<string>PBXFileReference</string>
			<key>lastKnownFileType</key>
			<string>text.xcconfig</string>
			<key>name</key>
			<string>Pods.debug.xcconfig</string>
			<key>path</key>
			<string>Pods/Target Support Files/Pods/Pods.debug.xcconfig</string>
			<key>sourceTree</key>
			<string>&lt;group&gt;</string>
		</dict>
		<key>EB857A316E8D567840412525</key>
		<dict>
			<key>children</key>
			<array>
				<string>E9A8A01E9C537DB9F05B4DB9</string>
				<string>77A019C6D7BA1C64B99CB4FB</string>
			</array>
			<key>isa</key>
			<string>PBXGroup</string>
			<key>name</key>
			<string>Pods</string>
			<key>sourceTree</key>
			<string>&lt;group&gt;</string>
		</dict>
	</dict>
	<key>rootObject</key>
	<string>7E5018AF1DD3B23C00274FDF</string>
</dict>
</plist>
